// !$*UTF8*$!
{
	archiveVersion = 1;
	classes = {};
	objectVersion = 56;
	objects = {

		A10000000000000000000001 /* LQIdCardCaptureModule.h in Headers */ = {isa = PBXBuildFile; fileRef = A10000000000000000000011 /* LQIdCardCaptureModule.h */; settings = {ATTRIBUTES = (Public, ); }; };
		A10000000000000000000002 /* LQIdCardCaptureModule.m in Sources */ = {isa = PBXBuildFile; fileRef = A10000000000000000000012 /* LQIdCardCaptureModule.m */; };
		A10000000000000000000003 /* LQIdCardCaptureViewController.h in Headers */ = {isa = PBXBuildFile; fileRef = A10000000000000000000013 /* LQIdCardCaptureViewController.h */; settings = {ATTRIBUTES = (Public, ); }; };
		A10000000000000000000004 /* LQIdCardCaptureViewController.m in Sources */ = {isa = PBXBuildFile; fileRef = A10000000000000000000014 /* LQIdCardCaptureViewController.m */; };
		A10000000000000000000005 /* AVFoundation.framework in Frameworks */ = {isa = PBXBuildFile; fileRef = A10000000000000000000015 /* AVFoundation.framework */; };
		A10000000000000000000006 /* UIKit.framework in Frameworks */ = {isa = PBXBuildFile; fileRef = A10000000000000000000016 /* UIKit.framework */; };

		A10000000000000000000011 /* LQIdCardCaptureModule.h */ = {isa = PBXFileReference; lastKnownFileType = sourcecode.c.h; path = LQIdCardCaptureModule.h; sourceTree = "<group>"; };
		A10000000000000000000012 /* LQIdCardCaptureModule.m */ = {isa = PBXFileReference; lastKnownFileType = sourcecode.c.objc; path = LQIdCardCaptureModule.m; sourceTree = "<group>"; };
		A10000000000000000000013 /* LQIdCardCaptureViewController.h */ = {isa = PBXFileReference; lastKnownFileType = sourcecode.c.h; path = LQIdCardCaptureViewController.h; sourceTree = "<group>"; };
		A10000000000000000000014 /* LQIdCardCaptureViewController.m */ = {isa = PBXFileReference; lastKnownFileType = sourcecode.c.objc; path = LQIdCardCaptureViewController.m; sourceTree = "<group>"; };
		A10000000000000000000015 /* AVFoundation.framework */ = {isa = PBXFileReference; lastKnownFileType = wrapper.framework; name = AVFoundation.framework; path = System/Library/Frameworks/AVFoundation.framework; sourceTree = SDKROOT; };
		A10000000000000000000016 /* UIKit.framework */ = {isa = PBXFileReference; lastKnownFileType = wrapper.framework; name = UIKit.framework; path = System/Library/Frameworks/UIKit.framework; sourceTree = SDKROOT; };
		A10000000000000000000017 /* UniIdCardCapture.framework */ = {isa = PBXFileReference; explicitFileType = wrapper.framework; includeInIndex = 0; path = UniIdCardCapture.framework; sourceTree = BUILT_PRODUCTS_DIR; };

		A10000000000000000000021 /* Frameworks */ = {isa = PBXFrameworksBuildPhase; buildActionMask = 2147483647; files = (A10000000000000000000005 /* AVFoundation.framework in Frameworks */, A10000000000000000000006 /* UIKit.framework in Frameworks */, ); runOnlyForDeploymentPostprocessing = 0; };
		A10000000000000000000022 /* Headers */ = {isa = PBXHeadersBuildPhase; buildActionMask = 2147483647; files = (A10000000000000000000001 /* LQIdCardCaptureModule.h in Headers */, A10000000000000000000003 /* LQIdCardCaptureViewController.h in Headers */, ); runOnlyForDeploymentPostprocessing = 0; };
		A10000000000000000000023 /* Sources */ = {isa = PBXSourcesBuildPhase; buildActionMask = 2147483647; files = (A10000000000000000000002 /* LQIdCardCaptureModule.m in Sources */, A10000000000000000000004 /* LQIdCardCaptureViewController.m in Sources */, ); runOnlyForDeploymentPostprocessing = 0; };

		A10000000000000000000031 = {isa = PBXGroup; children = (A10000000000000000000032 /* IdCardCaptureIOS */, A10000000000000000000033 /* Frameworks */, A10000000000000000000034 /* Products */, ); sourceTree = "<group>"; };
		A10000000000000000000032 /* IdCardCaptureIOS */ = {isa = PBXGroup; children = (A10000000000000000000011 /* LQIdCardCaptureModule.h */, A10000000000000000000012 /* LQIdCardCaptureModule.m */, A10000000000000000000013 /* LQIdCardCaptureViewController.h */, A10000000000000000000014 /* LQIdCardCaptureViewController.m */, A10000000000000000000035 /* Info.plist */, ); path = IdCardCaptureIOS; sourceTree = "<group>"; };
		A10000000000000000000033 /* Frameworks */ = {isa = PBXGroup; children = (A10000000000000000000015 /* AVFoundation.framework */, A10000000000000000000016 /* UIKit.framework */, ); name = Frameworks; sourceTree = "<group>"; };
		A10000000000000000000034 /* Products */ = {isa = PBXGroup; children = (A10000000000000000000017 /* UniIdCardCapture.framework */, ); name = Products; sourceTree = "<group>"; };
		A10000000000000000000035 /* Info.plist */ = {isa = PBXFileReference; lastKnownFileType = text.plist.xml; path = Info.plist; sourceTree = "<group>"; };

		A10000000000000000000041 /* IdCardCaptureIOS */ = {isa = PBXNativeTarget; buildConfigurationList = A10000000000000000000051 /* Build configuration list for PBXNativeTarget "IdCardCaptureIOS" */; buildPhases = (A10000000000000000000023 /* Sources */, A10000000000000000000021 /* Frameworks */, A10000000000000000000022 /* Headers */, ); buildRules = (); dependencies = (); name = IdCardCaptureIOS; productName = UniIdCardCapture; productReference = A10000000000000000000017 /* UniIdCardCapture.framework */; productType = "com.apple.product-type.framework.static"; };

		A10000000000000000000061 /* Project object */ = {isa = PBXProject; attributes = {BuildIndependentTargetsInParallel = 1; LastUpgradeCheck = 1600; TargetAttributes = {A10000000000000000000041 = {CreatedOnToolsVersion = 16.0;};};}; buildConfigurationList = A10000000000000000000062 /* Build configuration list for PBXProject "IdCardCaptureIOS" */; compatibilityVersion = "Xcode 14.0"; developmentRegion = en; hasScannedForEncodings = 0; knownRegions = (en, Base, ); mainGroup = A10000000000000000000031; productRefGroup = A10000000000000000000034 /* Products */; projectDirPath = ""; projectRoot = ""; targets = (A10000000000000000000041 /* IdCardCaptureIOS */, ); };

		A10000000000000000000062 /* Build configuration list for PBXProject "IdCardCaptureIOS" */ = {isa = XCConfigurationList; buildConfigurations = (A10000000000000000000063 /* Debug */, A10000000000000000000064 /* Release */, ); defaultConfigurationIsVisible = 0; defaultConfigurationName = Release; };
		A10000000000000000000051 /* Build configuration list for PBXNativeTarget "IdCardCaptureIOS" */ = {isa = XCConfigurationList; buildConfigurations = (A10000000000000000000052 /* Debug */, A10000000000000000000053 /* Release */, ); defaultConfigurationIsVisible = 0; defaultConfigurationName = Release; };
		A10000000000000000000063 /* Debug */ = {isa = XCBuildConfiguration; buildSettings = {CLANG_ENABLE_MODULES = YES; CLANG_ENABLE_OBJC_ARC = YES; IPHONEOS_DEPLOYMENT_TARGET = 13.0; SDKROOT = iphoneos;}; name = Debug; };
		A10000000000000000000064 /* Release */ = {isa = XCBuildConfiguration; buildSettings = {CLANG_ENABLE_MODULES = YES; CLANG_ENABLE_OBJC_ARC = YES; IPHONEOS_DEPLOYMENT_TARGET = 13.0; SDKROOT = iphoneos;}; name = Release; };
		A10000000000000000000052 /* Debug */ = {isa = XCBuildConfiguration; buildSettings = {CODE_SIGNING_ALLOWED = NO; DEFINES_MODULE = YES; HEADER_SEARCH_PATHS = ("$(DCUNI_SDK_INC_DIR)", "$(DCUNI_SDK_INC_DIR)/DCUni", "$(DCUNI_SDK_INC_DIR)/weexHeader", ); INFOPLIST_FILE = IdCardCaptureIOS/Info.plist; MACH_O_TYPE = staticlib; PRODUCT_BUNDLE_IDENTIFIER = io.github.uniidcardcapture; PRODUCT_MODULE_NAME = UniIdCardCapture; PRODUCT_NAME = UniIdCardCapture; SKIP_INSTALL = YES;}; name = Debug; };
		A10000000000000000000053 /* Release */ = {isa = XCBuildConfiguration; buildSettings = {CODE_SIGNING_ALLOWED = NO; DEFINES_MODULE = YES; HEADER_SEARCH_PATHS = ("$(DCUNI_SDK_INC_DIR)", "$(DCUNI_SDK_INC_DIR)/DCUni", "$(DCUNI_SDK_INC_DIR)/weexHeader", ); INFOPLIST_FILE = IdCardCaptureIOS/Info.plist; MACH_O_TYPE = staticlib; PRODUCT_BUNDLE_IDENTIFIER = io.github.uniidcardcapture; PRODUCT_MODULE_NAME = UniIdCardCapture; PRODUCT_NAME = UniIdCardCapture; SKIP_INSTALL = YES;}; name = Release; };
	};
	rootObject = A10000000000000000000061 /* Project object */;
}
